# Generated by cpp-pkg. Commit this file to version control.
schema-version = 1

[[package]]
name = "args"
source = "git+https://github.com/Taywee/args"
requested = "rev:114200a9ad5fe06c8dea76e15d92325695cf3e34"
commit = "114200a9ad5fe06c8dea76e15d92325695cf3e34"

[[package]]
name = "ftxui"
source = "git+https://github.com/ArthurSonzogni/ftxui"
requested = "tag:v7.0.0"
commit = "d120f349b7e7b50584ea79a75a2523a5a66a087f"

[[package]]
name = "googletest"
source = "git+https://github.com/google/googletest"
requested = "rev:23ef29555ef4789f555f1ba8c51b4c52975f0907"
commit = "23ef29555ef4789f555f1ba8c51b4c52975f0907"

[[package]]
name = "nlohmann_json"
source = "url+https://github.com/nlohmann/json/releases/download/v3.12.0/json.tar.xz"
requested = "sha256:42f6e95cad6ec532fd372391373363b62a14af6d771056dbfc86160e6dfff7aa"
content-hash = "blake3:1a9f18d6b8c7a23de44179599c8c8e80fa0ae21c15487257fcd49bf72e643eaf"
