# Generated by cpp-pkg. Commit this file to version control.
schema-version = 1

[[package]]
name = "curl"
source = "git+https://github.com/curl/curl"
requested = "tag:curl-8_14_1"
commit = "fdb8a789d2b446b77bd7cdd2eff95f6cbc814cf4"

[[package]]
name = "fmt"
source = "git+https://github.com/fmtlib/fmt"
requested = "tag:11.2.0"
commit = "40626af88bd7df9a5fb80be7b25ac85b122d6c21"

[[package]]
name = "spdlog"
source = "git+https://github.com/gabime/spdlog"
requested = "tag:v1.15.3"
commit = "6fa36017cfd5731d617e1a934f0e5ea9c4445b13"
